
Microsoft Visual Studio Solution File, Format Version 12.00
# Visual Studio 15
VisualStudioVersion = 15.0.27130.2010
MinimumVisualStudioVersion = 10.0.40219.1
Project("{FAE04EC0-301F-11D3-BF4B-00C04F79EFBC}") = "SGEGService", "SGEGService\SGEGService.csproj", "{115D867B-0C01-4F38-9D4E-DCACE0C5E450}"
EndProject
Project("{FAE04EC0-301F-11D3-BF4B-00C04F79EFBC}") = "SGEGServiceHost", "SGEGServiceHost\SGEGServiceHost.csproj", "{306DBAA3-983C-456A-AFF3-B1809A7542E5}"
EndProject
Global
	GlobalSection(SolutionConfigurationPlatforms) = preSolution
		Debug|Any CPU = Debug|Any CPU
		Release|Any CPU = Release|Any CPU
	EndGlobalSection
	GlobalSection(ProjectConfigurationPlatforms) = postSolution
		{115D867B-0C01-4F38-9D4E-DCACE0C5E450}.Debug|Any CPU.ActiveCfg = Debug|Any CPU
		{115D867B-0C01-4F38-9D4E-DCACE0C5E450}.Debug|Any CPU.Build.0 = Debug|Any CPU
		{115D867B-0C01-4F38-9D4E-DCACE0C5E450}.Release|Any CPU.ActiveCfg = Release|Any CPU
		{115D867B-0C01-4F38-9D4E-DCACE0C5E450}.Release|Any CPU.Build.0 = Release|Any CPU
		{306DBAA3-983C-456A-AFF3-B1809A7542E5}.Debug|Any CPU.ActiveCfg = Debug|Any CPU
		{306DBAA3-983C-456A-AFF3-B1809A7542E5}.Debug|Any CPU.Build.0 = Debug|Any CPU
		{306DBAA3-983C-456A-AFF3-B1809A7542E5}.Release|Any CPU.ActiveCfg = Release|Any CPU
		{306DBAA3-983C-456A-AFF3-B1809A7542E5}.Release|Any CPU.Build.0 = Release|Any CPU
	EndGlobalSection
	GlobalSection(SolutionProperties) = preSolution
		HideSolutionNode = FALSE
	EndGlobalSection
	GlobalSection(ExtensibilityGlobals) = postSolution
		SolutionGuid = {8085DA9C-4CE6-4702-B789-211DB6F5305A}
	EndGlobalSection
EndGlobal
