
Microsoft Visual Studio Solution File, Format Version 12.00
# Visual Studio 15
VisualStudioVersion = 15.0.27130.2010
MinimumVisualStudioVersion = 10.0.40219.1
Project("{FAE04EC0-301F-11D3-BF4B-00C04F79EFBC}") = "WebClient", "WebClient\WebClient.csproj", "{359D77DC-C2DD-4115-8F1A-8E2B60EEE3B6}"
EndProject
Global
	GlobalSection(SolutionConfigurationPlatforms) = preSolution
		Debug|Any CPU = Debug|Any CPU
		Release|Any CPU = Release|Any CPU
	EndGlobalSection
	GlobalSection(ProjectConfigurationPlatforms) = postSolution
		{359D77DC-C2DD-4115-8F1A-8E2B60EEE3B6}.Debug|Any CPU.ActiveCfg = Debug|Any CPU
		{359D77DC-C2DD-4115-8F1A-8E2B60EEE3B6}.Debug|Any CPU.Build.0 = Debug|Any CPU
		{359D77DC-C2DD-4115-8F1A-8E2B60EEE3B6}.Release|Any CPU.ActiveCfg = Release|Any CPU
		{359D77DC-C2DD-4115-8F1A-8E2B60EEE3B6}.Release|Any CPU.Build.0 = Release|Any CPU
	EndGlobalSection
	GlobalSection(SolutionProperties) = preSolution
		HideSolutionNode = FALSE
	EndGlobalSection
	GlobalSection(ExtensibilityGlobals) = postSolution
		SolutionGuid = {37382B26-848E-4292-9921-D8A4717DE887}
	EndGlobalSection
EndGlobal
