
Microsoft Visual Studio Solution File, Format Version 12.00
# Visual Studio 15
VisualStudioVersion = 15.0.28010.2036
MinimumVisualStudioVersion = 10.0.40219.1
Project("{FAE04EC0-301F-11D3-BF4B-00C04F79EFBC}") = "WebApp", "WebApp\WebApp.csproj", "{D3226450-B6EA-4263-AEDF-28FEE0D992EB}"
EndProject
Project("{FAE04EC0-301F-11D3-BF4B-00C04F79EFBC}") = "WebApp.BL", "WebApp.BL\WebApp.BL.csproj", "{B987B709-6FC8-4810-9CE8-E9FA2539EB46}"
EndProject
Project("{FAE04EC0-301F-11D3-BF4B-00C04F79EFBC}") = "WebApp.Infrastructure", "WebApp.Infrastructure\WebApp.Infrastructure.csproj", "{A764707D-2E8C-420C-A368-BBC04074A9EF}"
EndProject
Global
	GlobalSection(SolutionConfigurationPlatforms) = preSolution
		Debug|Any CPU = Debug|Any CPU
		Release|Any CPU = Release|Any CPU
	EndGlobalSection
	GlobalSection(ProjectConfigurationPlatforms) = postSolution
		{D3226450-B6EA-4263-AEDF-28FEE0D992EB}.Debug|Any CPU.ActiveCfg = Debug|Any CPU
		{D3226450-B6EA-4263-AEDF-28FEE0D992EB}.Debug|Any CPU.Build.0 = Debug|Any CPU
		{D3226450-B6EA-4263-AEDF-28FEE0D992EB}.Release|Any CPU.ActiveCfg = Release|Any CPU
		{D3226450-B6EA-4263-AEDF-28FEE0D992EB}.Release|Any CPU.Build.0 = Release|Any CPU
		{B987B709-6FC8-4810-9CE8-E9FA2539EB46}.Debug|Any CPU.ActiveCfg = Debug|Any CPU
		{B987B709-6FC8-4810-9CE8-E9FA2539EB46}.Debug|Any CPU.Build.0 = Debug|Any CPU
		{B987B709-6FC8-4810-9CE8-E9FA2539EB46}.Release|Any CPU.ActiveCfg = Release|Any CPU
		{B987B709-6FC8-4810-9CE8-E9FA2539EB46}.Release|Any CPU.Build.0 = Release|Any CPU
		{A764707D-2E8C-420C-A368-BBC04074A9EF}.Debug|Any CPU.ActiveCfg = Debug|Any CPU
		{A764707D-2E8C-420C-A368-BBC04074A9EF}.Debug|Any CPU.Build.0 = Debug|Any CPU
		{A764707D-2E8C-420C-A368-BBC04074A9EF}.Release|Any CPU.ActiveCfg = Release|Any CPU
		{A764707D-2E8C-420C-A368-BBC04074A9EF}.Release|Any CPU.Build.0 = Release|Any CPU
	EndGlobalSection
	GlobalSection(SolutionProperties) = preSolution
		HideSolutionNode = FALSE
	EndGlobalSection
	GlobalSection(ExtensibilityGlobals) = postSolution
		SolutionGuid = {C0E1915B-BA1F-41D1-B356-5CC63BE0C9A6}
	EndGlobalSection
EndGlobal
